{
  "name": "huobichain-demo",
  "version": "0.0.1",
  "lockfileVersion": 1,
  "requires": true,
  "dependencies": {
    "@types/debug": {
      "version": "4.1.5",
      "resolved": "https://registry.npmjs.org/@types/debug/-/debug-4.1.5.tgz",
      "integrity": "sha512-Q1y515GcOdTHgagaVFhHnIFQ38ygs/kmxdNpvpou+raI9UO3YZcHDngBSYKQklcKlvA7iuQlmIKbzvmxcOE9CQ=="
    },
    "@types/node": {
      "version": "13.9.1",
      "resolved": "https://registry.npmjs.org/@types/node/-/node-13.9.1.tgz",
      "integrity": "sha512-E6M6N0blf/jiZx8Q3nb0vNaswQeEyn0XlupO+xN6DtJ6r6IT4nXrTry7zhIfYvFCl3/8Cu6WIysmUBKiqV0bqQ=="
    },
    "@types/randombytes": {
      "version": "2.0.0",
      "resolved": "https://registry.npmjs.org/@types/randombytes/-/randombytes-2.0.0.tgz",
      "integrity": "sha512-bz8PhAVlwN72vqefzxa14DKNT8jK/mV66CSjwdVQM/k3Th3EPKfUtdMniwZgMedQTFuywAsfjnZsg+pEnltaMA==",
      "requires": {
        "@types/node": "*"
      }
    },
    "@types/secp256k1": {
      "version": "3.5.3",
      "resolved": "https://registry.npmjs.org/@types/secp256k1/-/secp256k1-3.5.3.tgz",
      "integrity": "sha512-NGcsPDR0P+Q71O63e2ayshmiZGAwCOa/cLJzOIuhOiDvmbvrCIiVtEpqdCJGogG92Bnr6tw/6lqVBsRMEl15OQ==",
      "requires": {
        "@types/node": "*"
      }
    },
    "bignumber.js": {
      "version": "9.0.0",
      "resolved": "https://registry.npmjs.org/bignumber.js/-/bignumber.js-9.0.0.tgz",
      "integrity": "sha512-t/OYhhJ2SD+YGBQcjY8GzzDHEk9f3nerxjtfa6tlMXfe7frs/WozhvCNoGvpM0P3bNf3Gq5ZRMlGr5f3r4/N8A=="
    },
    "bindings": {
      "version": "1.5.0",
      "resolved": "https://registry.npmjs.org/bindings/-/bindings-1.5.0.tgz",
      "integrity": "sha512-p2q/t/mhvuOj/UeLlV6566GD/guowlr0hHxClI0W9m7MWYkL1F0hLo+0Aexs9HSPCtR1SXQ0TD3MMKrXZajbiQ==",
      "requires": {
        "file-uri-to-path": "1.0.0"
      }
    },
    "bip39": {
      "version": "3.0.2",
      "resolved": "https://registry.npmjs.org/bip39/-/bip39-3.0.2.tgz",
      "integrity": "sha512-J4E1r2N0tUylTKt07ibXvhpT2c5pyAFgvuA5q1H9uDy6dEGpjV8jmymh3MTYJDLCNbIVClSB9FbND49I6N24MQ==",
      "requires": {
        "@types/node": "11.11.6",
        "create-hash": "^1.1.0",
        "pbkdf2": "^3.0.9",
        "randombytes": "^2.0.1"
      },
      "dependencies": {
        "@types/node": {
          "version": "11.11.6",
          "resolved": "https://registry.npmjs.org/@types/node/-/node-11.11.6.tgz",
          "integrity": "sha512-Exw4yUWMBXM3X+8oqzJNRqZSwUAaS4+7NdvHqQuFi/d+synz++xmX3QIf+BFqneW8N31R8Ky+sikfZUXq07ggQ=="
        }
      }
    },
    "bip66": {
      "version": "1.1.5",
      "resolved": "https://registry.npmjs.org/bip66/-/bip66-1.1.5.tgz",
      "integrity": "sha1-AfqHSHhcpwlV1QESF9GzE5lpyiI=",
      "requires": {
        "safe-buffer": "^5.0.1"
      }
    },
    "bn.js": {
      "version": "4.11.8",
      "resolved": "https://registry.npmjs.org/bn.js/-/bn.js-4.11.8.tgz",
      "integrity": "sha512-ItfYfPLkWHUjckQCk8xC+LwxgK8NYcXywGigJgSwOP8Y2iyWT4f2vsZnoOXTTbo+o5yXmIUJ4gn5538SO5S3gA=="
    },
    "brorand": {
      "version": "1.1.0",
      "resolved": "https://registry.npmjs.org/brorand/-/brorand-1.1.0.tgz",
      "integrity": "sha1-EsJe/kCkXjwyPrhnWgoM5XsiNx8="
    },
    "browserify-aes": {
      "version": "1.2.0",
      "resolved": "https://registry.npmjs.org/browserify-aes/-/browserify-aes-1.2.0.tgz",
      "integrity": "sha512-+7CHXqGuspUn/Sl5aO7Ea0xWGAtETPXNSAjHo48JfLdPWcMng33Xe4znFvQweqc/uzk5zSOI3H52CYnjCfb5hA==",
      "requires": {
        "buffer-xor": "^1.0.3",
        "cipher-base": "^1.0.0",
        "create-hash": "^1.1.0",
        "evp_bytestokey": "^1.0.3",
        "inherits": "^2.0.1",
        "safe-buffer": "^5.0.1"
      }
    },
    "bs58": {
      "version": "2.0.1",
      "resolved": "https://registry.npmjs.org/bs58/-/bs58-2.0.1.tgz",
      "integrity": "sha1-VZCNWPGYKrogCPob7Y+RmYopv40="
    },
    "buffer-xor": {
      "version": "1.0.3",
      "resolved": "https://registry.npmjs.org/buffer-xor/-/buffer-xor-1.0.3.tgz",
      "integrity": "sha1-JuYe0UIvtw3ULm42cp7VHYVf6Nk="
    },
    "cipher-base": {
      "version": "1.0.4",
      "resolved": "https://registry.npmjs.org/cipher-base/-/cipher-base-1.0.4.tgz",
      "integrity": "sha512-Kkht5ye6ZGmwv40uUDZztayT2ThLQGfnj/T71N/XzeZeo3nf8foyW7zGTsPYkEya3m5f3cAypH+qe7YOrM1U2Q==",
      "requires": {
        "inherits": "^2.0.1",
        "safe-buffer": "^5.0.1"
      }
    },
    "coinstring": {
      "version": "2.3.0",
      "resolved": "https://registry.npmjs.org/coinstring/-/coinstring-2.3.0.tgz",
      "integrity": "sha1-zbYzY6lhUCQEolr7gsLibV/2J6Q=",
      "requires": {
        "bs58": "^2.0.1",
        "create-hash": "^1.1.1"
      }
    },
    "create-hash": {
      "version": "1.2.0",
      "resolved": "https://registry.npmjs.org/create-hash/-/create-hash-1.2.0.tgz",
      "integrity": "sha512-z00bCGNHDG8mHAkP7CtT1qVu+bFQUPjYq/4Iv3C3kWjTFV10zIjfSoeqXo9Asws8gwSHDGj/hl2u4OGIjapeCg==",
      "requires": {
        "cipher-base": "^1.0.1",
        "inherits": "^2.0.1",
        "md5.js": "^1.3.4",
        "ripemd160": "^2.0.1",
        "sha.js": "^2.4.0"
      }
    },
    "create-hmac": {
      "version": "1.1.7",
      "resolved": "https://registry.npmjs.org/create-hmac/-/create-hmac-1.1.7.tgz",
      "integrity": "sha512-MJG9liiZ+ogc4TzUwuvbER1JRdgvUFSB5+VR/g5h82fGaIRWMWddtKBHi7/sVhfjQZ6SehlyhvQYrcYkaUIpLg==",
      "requires": {
        "cipher-base": "^1.0.3",
        "create-hash": "^1.1.0",
        "inherits": "^2.0.1",
        "ripemd160": "^2.0.0",
        "safe-buffer": "^5.0.1",
        "sha.js": "^2.4.8"
      }
    },
    "cross-fetch": {
      "version": "3.0.4",
      "resolved": "https://registry.npmjs.org/cross-fetch/-/cross-fetch-3.0.4.tgz",
      "integrity": "sha512-MSHgpjQqgbT/94D4CyADeNoYh52zMkCX4pcJvPP5WqPsLFMKjr2TCMg381ox5qI0ii2dPwaLx/00477knXqXVw==",
      "requires": {
        "node-fetch": "2.6.0",
        "whatwg-fetch": "3.0.0"
      }
    },
    "debug": {
      "version": "4.1.1",
      "resolved": "https://registry.npmjs.org/debug/-/debug-4.1.1.tgz",
      "integrity": "sha512-pYAIzeRo8J6KPEaJ0VWOh5Pzkbw/RetuzehGM7QRRX5he4fPHx2rdKMB256ehJCkX+XRQm16eZLqLNS8RSZXZw==",
      "requires": {
        "ms": "^2.1.1"
      }
    },
    "drbg.js": {
      "version": "1.0.1",
      "resolved": "https://registry.npmjs.org/drbg.js/-/drbg.js-1.0.1.tgz",
      "integrity": "sha1-Pja2xCs3BDgjzbwzLVjzHiRFSAs=",
      "requires": {
        "browserify-aes": "^1.0.6",
        "create-hash": "^1.1.2",
        "create-hmac": "^1.1.4"
      }
    },
    "elliptic": {
      "version": "6.5.2",
      "resolved": "https://registry.npmjs.org/elliptic/-/elliptic-6.5.2.tgz",
      "integrity": "sha512-f4x70okzZbIQl/NSRLkI/+tteV/9WqL98zx+SQ69KbXxmVrmjwsNUPn/gYJJ0sHvEak24cZgHIPegRePAtA/xw==",
      "requires": {
        "bn.js": "^4.4.0",
        "brorand": "^1.0.1",
        "hash.js": "^1.0.0",
        "hmac-drbg": "^1.0.0",
        "inherits": "^2.0.1",
        "minimalistic-assert": "^1.0.0",
        "minimalistic-crypto-utils": "^1.0.0"
      }
    },
    "evp_bytestokey": {
      "version": "1.0.3",
      "resolved": "https://registry.npmjs.org/evp_bytestokey/-/evp_bytestokey-1.0.3.tgz",
      "integrity": "sha512-/f2Go4TognH/KvCISP7OUsHn85hT9nUkxxA9BEWxFn+Oj9o8ZNLm/40hdlgSLyuOimsrTKLUMEorQexp/aPQeA==",
      "requires": {
        "md5.js": "^1.3.4",
        "safe-buffer": "^5.1.1"
      }
    },
    "file-uri-to-path": {
      "version": "1.0.0",
      "resolved": "https://registry.npmjs.org/file-uri-to-path/-/file-uri-to-path-1.0.0.tgz",
      "integrity": "sha512-0Zt+s3L7Vf1biwWZ29aARiVYLx7iMGnEUl9x33fbB/j3jR81u/O2LbqK+Bm1CDSNDKVtJ/YjwY7TUd5SkeLQLw=="
    },
    "graphql": {
      "version": "14.6.0",
      "resolved": "https://registry.npmjs.org/graphql/-/graphql-14.6.0.tgz",
      "integrity": "sha512-VKzfvHEKybTKjQVpTFrA5yUq2S9ihcZvfJAtsDBBCuV6wauPu1xl/f9ehgVf0FcEJJs4vz6ysb/ZMkGigQZseg==",
      "requires": {
        "iterall": "^1.2.2"
      }
    },
    "graphql-request": {
      "version": "1.8.2",
      "resolved": "https://registry.npmjs.org/graphql-request/-/graphql-request-1.8.2.tgz",
      "integrity": "sha512-dDX2M+VMsxXFCmUX0Vo0TopIZIX4ggzOtiCsThgtrKR4niiaagsGTDIHj3fsOMFETpa064vzovI+4YV4QnMbcg==",
      "requires": {
        "cross-fetch": "2.2.2"
      },
      "dependencies": {
        "cross-fetch": {
          "version": "2.2.2",
          "resolved": "https://registry.npmjs.org/cross-fetch/-/cross-fetch-2.2.2.tgz",
          "integrity": "sha1-pH/09/xxLauo9qaVoRyUhEDUVyM=",
          "requires": {
            "node-fetch": "2.1.2",
            "whatwg-fetch": "2.0.4"
          }
        },
        "node-fetch": {
          "version": "2.1.2",
          "resolved": "https://registry.npmjs.org/node-fetch/-/node-fetch-2.1.2.tgz",
          "integrity": "sha1-q4hOjn5X44qUR1POxwb3iNF2i7U="
        },
        "whatwg-fetch": {
          "version": "2.0.4",
          "resolved": "https://registry.npmjs.org/whatwg-fetch/-/whatwg-fetch-2.0.4.tgz",
          "integrity": "sha512-dcQ1GWpOD/eEQ97k66aiEVpNnapVj90/+R+SXTPYGHpYBBypfKJEQjLrvMZ7YXbKm21gXd4NcuxUTjiv1YtLng=="
        }
      }
    },
    "graphql-tag": {
      "version": "2.10.3",
      "resolved": "https://registry.npmjs.org/graphql-tag/-/graphql-tag-2.10.3.tgz",
      "integrity": "sha512-4FOv3ZKfA4WdOKJeHdz6B3F/vxBLSgmBcGeAFPf4n1F64ltJUvOOerNj0rsJxONQGdhUMynQIvd6LzB+1J5oKA=="
    },
    "hash-base": {
      "version": "3.0.4",
      "resolved": "https://registry.npmjs.org/hash-base/-/hash-base-3.0.4.tgz",
      "integrity": "sha1-X8hoaEfs1zSZQDMZprCj8/auSRg=",
      "requires": {
        "inherits": "^2.0.1",
        "safe-buffer": "^5.0.1"
      }
    },
    "hash.js": {
      "version": "1.1.7",
      "resolved": "https://registry.npmjs.org/hash.js/-/hash.js-1.1.7.tgz",
      "integrity": "sha512-taOaskGt4z4SOANNseOviYDvjEJinIkRgmp7LbKP2YTTmVxWBl87s/uzK9r+44BclBSp2X7K1hqeNfz9JbBeXA==",
      "requires": {
        "inherits": "^2.0.3",
        "minimalistic-assert": "^1.0.1"
      }
    },
    "hdkey": {
      "version": "1.1.1",
      "resolved": "https://registry.npmjs.org/hdkey/-/hdkey-1.1.1.tgz",
      "integrity": "sha512-DvHZ5OuavsfWs5yfVJZestsnc3wzPvLWNk6c2nRUfo6X+OtxypGt20vDDf7Ba+MJzjL3KS1og2nw2eBbLCOUTA==",
      "requires": {
        "coinstring": "^2.0.0",
        "safe-buffer": "^5.1.1",
        "secp256k1": "^3.0.1"
      }
    },
    "hmac-drbg": {
      "version": "1.0.1",
      "resolved": "https://registry.npmjs.org/hmac-drbg/-/hmac-drbg-1.0.1.tgz",
      "integrity": "sha1-0nRXAQJabHdabFRXk+1QL8DGSaE=",
      "requires": {
        "hash.js": "^1.0.3",
        "minimalistic-assert": "^1.0.0",
        "minimalistic-crypto-utils": "^1.0.1"
      }
    },
    "inherits": {
      "version": "2.0.4",
      "resolved": "https://registry.npmjs.org/inherits/-/inherits-2.0.4.tgz",
      "integrity": "sha512-k/vGaX4/Yla3WzyMCvTQOXYeIHvqOKtnqBduzTHpzpQZzAskKMhZ2K+EnBiSM9zGSoIFeMpXKxa4dYeZIQqewQ=="
    },
    "iterall": {
      "version": "1.3.0",
      "resolved": "https://registry.npmjs.org/iterall/-/iterall-1.3.0.tgz",
      "integrity": "sha512-QZ9qOMdF+QLHxy1QIpUHUU1D5pS2CG2P69LF6L6CPjPYA/XMOmKV3PZpawHoAjHNyB0swdVTRxdYT4tbBbxqwg=="
    },
    "json-bigint": {
      "version": "0.3.0",
      "resolved": "https://registry.npmjs.org/json-bigint/-/json-bigint-0.3.0.tgz",
      "integrity": "sha1-DM2RLEuCcNBfBW+9E4FLU9OCWx4=",
      "requires": {
        "bignumber.js": "^7.0.0"
      },
      "dependencies": {
        "bignumber.js": {
          "version": "7.2.1",
          "resolved": "https://registry.npmjs.org/bignumber.js/-/bignumber.js-7.2.1.tgz",
          "integrity": "sha512-S4XzBk5sMB+Rcb/LNcpzXr57VRTxgAvaAEDAl1AwRx27j00hT84O6OkteE7u8UB3NuaaygCRrEpqox4uDOrbdQ=="
        }
      }
    },
    "keccak": {
      "version": "2.1.0",
      "resolved": "https://registry.npmjs.org/keccak/-/keccak-2.1.0.tgz",
      "integrity": "sha512-m1wbJRTo+gWbctZWay9i26v5fFnYkOn7D5PCxJ3fZUGUEb49dE1Pm4BREUYCt/aoO6di7jeoGmhvqN9Nzylm3Q==",
      "requires": {
        "bindings": "^1.5.0",
        "inherits": "^2.0.4",
        "nan": "^2.14.0",
        "safe-buffer": "^5.2.0"
      }
    },
    "md5.js": {
      "version": "1.3.5",
      "resolved": "https://registry.npmjs.org/md5.js/-/md5.js-1.3.5.tgz",
      "integrity": "sha512-xitP+WxNPcTTOgnTJcrhM0xvdPepipPSf3I8EIpGKeFLjt3PlJLIDG3u8EX53ZIubkb+5U2+3rELYpEhHhzdkg==",
      "requires": {
        "hash-base": "^3.0.0",
        "inherits": "^2.0.1",
        "safe-buffer": "^5.1.2"
      }
    },
    "minimalistic-assert": {
      "version": "1.0.1",
      "resolved": "https://registry.npmjs.org/minimalistic-assert/-/minimalistic-assert-1.0.1.tgz",
      "integrity": "sha512-UtJcAD4yEaGtjPezWuO9wC4nwUnVH/8/Im3yEHQP4b67cXlD/Qr9hdITCU1xDbSEXg2XKNaP8jsReV7vQd00/A=="
    },
    "minimalistic-crypto-utils": {
      "version": "1.0.1",
      "resolved": "https://registry.npmjs.org/minimalistic-crypto-utils/-/minimalistic-crypto-utils-1.0.1.tgz",
      "integrity": "sha1-9sAMHAsIIkblxNmd+4x8CDsrWCo="
    },
    "ms": {
      "version": "2.1.2",
      "resolved": "https://registry.npmjs.org/ms/-/ms-2.1.2.tgz",
      "integrity": "sha512-sGkPx+VjMtmA6MX27oA4FBFELFCZZ4S4XqeGOXCv68tT+jb3vk/RyaKWP0PTKyWtmLSM0b+adUTEvbs1PEaH2w=="
    },
    "muta-sdk": {
      "version": "0.8.0-alpha.0",
      "resolved": "https://registry.npmjs.org/muta-sdk/-/muta-sdk-0.8.0-alpha.0.tgz",
      "integrity": "sha512-D9vpObirTDlbbwZLj6ZaFf/lY9T98NZ4yFIQ2XaC5L4Hf59MqrWZn17U9alN70rRdmVSVlli777YDojJQ3+uyQ==",
      "requires": {
        "@types/debug": "^4.1.5",
        "@types/randombytes": "^2.0.0",
        "@types/secp256k1": "^3.5.0",
        "bignumber.js": "^9.0.0",
        "bip39": "^3.0.2",
        "cross-fetch": "^3.0.4",
        "debug": "^4.1.1",
        "graphql": "^14.5.8",
        "graphql-request": "^1.8.2",
        "graphql-tag": "^2.10.1",
        "hdkey": "^1.1.1",
        "json-bigint": "^0.3.0",
        "keccak": "^2.0.0",
        "randombytes": "^2.1.0",
        "rlp": "^2.2.3",
        "secp256k1": "^3.7.1",
        "utility-types": "^3.9.0"
      }
    },
    "nan": {
      "version": "2.14.0",
      "resolved": "https://registry.npmjs.org/nan/-/nan-2.14.0.tgz",
      "integrity": "sha512-INOFj37C7k3AfaNTtX8RhsTw7qRy7eLET14cROi9+5HAVbbHuIWUHEauBv5qT4Av2tWasiTY1Jw6puUNqRJXQg=="
    },
    "node-fetch": {
      "version": "2.6.0",
      "resolved": "https://registry.npmjs.org/node-fetch/-/node-fetch-2.6.0.tgz",
      "integrity": "sha512-8dG4H5ujfvFiqDmVu9fQ5bOHUC15JMjMY/Zumv26oOvvVJjM67KF8koCWIabKQ1GJIa9r2mMZscBq/TbdOcmNA=="
    },
    "pbkdf2": {
      "version": "3.0.17",
      "resolved": "https://registry.npmjs.org/pbkdf2/-/pbkdf2-3.0.17.tgz",
      "integrity": "sha512-U/il5MsrZp7mGg3mSQfn742na2T+1/vHDCG5/iTI3X9MKUuYUZVLQhyRsg06mCgDBTd57TxzgZt7P+fYfjRLtA==",
      "requires": {
        "create-hash": "^1.1.2",
        "create-hmac": "^1.1.4",
        "ripemd160": "^2.0.1",
        "safe-buffer": "^5.0.1",
        "sha.js": "^2.4.8"
      }
    },
    "random-bytes": {
      "version": "1.0.0",
      "resolved": "https://registry.npmjs.org/random-bytes/-/random-bytes-1.0.0.tgz",
      "integrity": "sha1-T2ih3Arli9P7lYSMMDJNt11kNgs="
    },
    "randombytes": {
      "version": "2.1.0",
      "resolved": "https://registry.npmjs.org/randombytes/-/randombytes-2.1.0.tgz",
      "integrity": "sha512-vYl3iOX+4CKUWuxGi9Ukhie6fsqXqS9FE2Zaic4tNFD2N2QQaXOMFbuKK4QmDHC0JO6B1Zp41J0LpT0oR68amQ==",
      "requires": {
        "safe-buffer": "^5.1.0"
      }
    },
    "ripemd160": {
      "version": "2.0.2",
      "resolved": "https://registry.npmjs.org/ripemd160/-/ripemd160-2.0.2.tgz",
      "integrity": "sha512-ii4iagi25WusVoiC4B4lq7pbXfAp3D9v5CwfkY33vffw2+pkDjY1D8GaN7spsxvCSx8dkPqOZCEZyfxcmJG2IA==",
      "requires": {
        "hash-base": "^3.0.0",
        "inherits": "^2.0.1"
      }
    },
    "rlp": {
      "version": "2.2.4",
      "resolved": "https://registry.npmjs.org/rlp/-/rlp-2.2.4.tgz",
      "integrity": "sha512-fdq2yYCWpAQBhwkZv+Z8o/Z4sPmYm1CUq6P7n6lVTOdb949CnqA0sndXal5C1NleSVSZm6q5F3iEbauyVln/iw==",
      "requires": {
        "bn.js": "^4.11.1"
      }
    },
    "safe-buffer": {
      "version": "5.2.0",
      "resolved": "https://registry.npmjs.org/safe-buffer/-/safe-buffer-5.2.0.tgz",
      "integrity": "sha512-fZEwUGbVl7kouZs1jCdMLdt95hdIv0ZeHg6L7qPeciMZhZ+/gdesW4wgTARkrFWEpspjEATAzUGPG8N2jJiwbg=="
    },
    "secp256k1": {
      "version": "3.8.0",
      "resolved": "https://registry.npmjs.org/secp256k1/-/secp256k1-3.8.0.tgz",
      "integrity": "sha512-k5ke5avRZbtl9Tqx/SA7CbY3NF6Ro+Sj9cZxezFzuBlLDmyqPiL8hJJ+EmzD8Ig4LUDByHJ3/iPOVoRixs/hmw==",
      "requires": {
        "bindings": "^1.5.0",
        "bip66": "^1.1.5",
        "bn.js": "^4.11.8",
        "create-hash": "^1.2.0",
        "drbg.js": "^1.0.1",
        "elliptic": "^6.5.2",
        "nan": "^2.14.0",
        "safe-buffer": "^5.1.2"
      }
    },
    "sha.js": {
      "version": "2.4.11",
      "resolved": "https://registry.npmjs.org/sha.js/-/sha.js-2.4.11.tgz",
      "integrity": "sha512-QMEp5B7cftE7APOjk5Y6xgrbWu+WkLVQwk8JNjZ8nKRciZaByEW6MubieAiToS7+dwvrjGhH8jRXz3MVd0AYqQ==",
      "requires": {
        "inherits": "^2.0.1",
        "safe-buffer": "^5.0.1"
      }
    },
    "utility-types": {
      "version": "3.10.0",
      "resolved": "https://registry.npmjs.org/utility-types/-/utility-types-3.10.0.tgz",
      "integrity": "sha512-O11mqxmi7wMKCo6HKFt5AhO4BwY3VV68YU07tgxfz8zJTIxr4BpsezN49Ffwy9j3ZpwwJp4fkRwjRzq3uWE6Rg=="
    },
    "whatwg-fetch": {
      "version": "3.0.0",
      "resolved": "https://registry.npmjs.org/whatwg-fetch/-/whatwg-fetch-3.0.0.tgz",
      "integrity": "sha512-9GSJUgz1D4MfyKU7KRqwOjXCXTqWdFNvEr7eUBYchQiVc744mqK/MzXPNR2WsPkmkOa4ywfg8C2n8h+13Bey1Q=="
    }
  }
}
